// !$*UTF8*$!
{
	archiveVersion = 1;
	classes = {
	};
	objectVersion = 55;
	objects = {

/* Begin PBXBuildFile section */
		702036882876262B001EA903 /* SideMenu.swift in Sources */ = {isa = PBXBuildFile; fileRef = 702036872876262B001EA903 /* SideMenu.swift */; };
		7020368A28762670001EA903 /* QuizViewController.swift in Sources */ = {isa = PBXBuildFile; fileRef = 7020368928762670001EA903 /* QuizViewController.swift */; };
		7020368E28785594001EA903 /* GoogleService-Info.plist in Resources */ = {isa = PBXBuildFile; fileRef = 7020368D28785594001EA903 /* GoogleService-Info.plist */; };
		702036922879AF0D001EA903 /* TableViewCell.swift in Sources */ = {isa = PBXBuildFile; fileRef = 702036912879AF0D001EA903 /* TableViewCell.swift */; };
		70203700287D116B001EA903 /* Question.swift in Sources */ = {isa = PBXBuildFile; fileRef = 702036FF287D116B001EA903 /* Question.swift */; };
		70203759287F16B4001EA903 /* NoteViewController.swift in Sources */ = {isa = PBXBuildFile; fileRef = 70203758287F16B4001EA903 /* NoteViewController.swift */; };
		7020375B287F16CF001EA903 /* SaveNoteViewController.swift in Sources */ = {isa = PBXBuildFile; fileRef = 7020375A287F16CF001EA903 /* SaveNoteViewController.swift */; };
		702A3119287F726300024621 /* DataModel.xcdatamodeld in Sources */ = {isa = PBXBuildFile; fileRef = 702A3117287F726300024621 /* DataModel.xcdatamodeld */; };
		702A311B287F732900024621 /* DataController.swift in Sources */ = {isa = PBXBuildFile; fileRef = 702A311A287F732900024621 /* DataController.swift */; };
		7085D54C2871AC1100292BA7 /* AppDelegate.swift in Sources */ = {isa = PBXBuildFile; fileRef = 7085D54B2871AC1100292BA7 /* AppDelegate.swift */; };
		7085D54E2871AC1100292BA7 /* SceneDelegate.swift in Sources */ = {isa = PBXBuildFile; fileRef = 7085D54D2871AC1100292BA7 /* SceneDelegate.swift */; };
		7085D5502871AC1100292BA7 /* HomeViewController.swift in Sources */ = {isa = PBXBuildFile; fileRef = 7085D54F2871AC1100292BA7 /* HomeViewController.swift */; };
		7085D5532871AC1100292BA7 /* Main.storyboard in Resources */ = {isa = PBXBuildFile; fileRef = 7085D5512871AC1100292BA7 /* Main.storyboard */; };
		7085D5552871AC1300292BA7 /* Assets.xcassets in Resources */ = {isa = PBXBuildFile; fileRef = 7085D5542871AC1300292BA7 /* Assets.xcassets */; };
		7085D5582871AC1300292BA7 /* LaunchScreen.storyboard in Resources */ = {isa = PBXBuildFile; fileRef = 7085D5562871AC1300292BA7 /* LaunchScreen.storyboard */; };
		7085D5602871B31400292BA7 /* SignInViewController.swift in Sources */ = {isa = PBXBuildFile; fileRef = 7085D55F2871B31400292BA7 /* SignInViewController.swift */; };
		7085D5622871B32700292BA7 /* SignUpViewController.swift in Sources */ = {isa = PBXBuildFile; fileRef = 7085D5612871B32700292BA7 /* SignUpViewController.swift */; };
		7085D5642871B45900292BA7 /* OnBoardViewController.swift in Sources */ = {isa = PBXBuildFile; fileRef = 7085D5632871B45900292BA7 /* OnBoardViewController.swift */; };
		7085D5662871B48F00292BA7 /* CreateMessageViewController.swift in Sources */ = {isa = PBXBuildFile; fileRef = 7085D5652871B48F00292BA7 /* CreateMessageViewController.swift */; };
		7085D5682871B4AB00292BA7 /* TakeNotesViewController.swift in Sources */ = {isa = PBXBuildFile; fileRef = 7085D5672871B4AB00292BA7 /* TakeNotesViewController.swift */; };
		72CECA9F441777E853CB2C88 /* Pods_CapstoneProject.framework in Frameworks */ = {isa = PBXBuildFile; fileRef = 556EBBC8168B91B9D100847B /* Pods_CapstoneProject.framework */; };
/* End PBXBuildFile section */

/* Begin PBXFileReference section */
		556EBBC8168B91B9D100847B /* Pods_CapstoneProject.framework */ = {isa = PBXFileReference; explicitFileType = wrapper.framework; includeInIndex = 0; path = Pods_CapstoneProject.framework; sourceTree = BUILT_PRODUCTS_DIR; };
		69547404091760E5587AD97A /* Pods-CapstoneProject.release.xcconfig */ = {isa = PBXFileReference; includeInIndex = 1; lastKnownFileType = text.xcconfig; name = "Pods-CapstoneProject.release.xcconfig"; path = "Target Support Files/Pods-CapstoneProject/Pods-CapstoneProject.release.xcconfig"; sourceTree = "<group>"; };
		702036872876262B001EA903 /* SideMenu.swift */ = {isa = PBXFileReference; lastKnownFileType = sourcecode.swift; path = SideMenu.swift; sourceTree = "<group>"; };
		7020368928762670001EA903 /* QuizViewController.swift */ = {isa = PBXFileReference; lastKnownFileType = sourcecode.swift; path = QuizViewController.swift; sourceTree = "<group>"; };
		7020368D28785594001EA903 /* GoogleService-Info.plist */ = {isa = PBXFileReference; fileEncoding = 4; lastKnownFileType = text.plist.xml; path = "GoogleService-Info.plist"; sourceTree = "<group>"; };
		702036912879AF0D001EA903 /* TableViewCell.swift */ = {isa = PBXFileReference; lastKnownFileType = sourcecode.swift; path = TableViewCell.swift; sourceTree = "<group>"; };
		702036FF287D116B001EA903 /* Question.swift */ = {isa = PBXFileReference; lastKnownFileType = sourcecode.swift; path = Question.swift; sourceTree = "<group>"; };
		70203758287F16B4001EA903 /* NoteViewController.swift */ = {isa = PBXFileReference; lastKnownFileType = sourcecode.swift; path = NoteViewController.swift; sourceTree = "<group>"; };
		7020375A287F16CF001EA903 /* SaveNoteViewController.swift */ = {isa = PBXFileReference; lastKnownFileType = sourcecode.swift; path = SaveNoteViewController.swift; sourceTree = "<group>"; };
		702A3118287F726300024621 /* DataModel.xcdatamodel */ = {isa = PBXFileReference; lastKnownFileType = wrapper.xcdatamodel; path = DataModel.xcdatamodel; sourceTree = "<group>"; };
		702A311A287F732900024621 /* DataController.swift */ = {isa = PBXFileReference; lastKnownFileType = sourcecode.swift; path = DataController.swift; sourceTree = "<group>"; };
		7085D5482871AC1100292BA7 /* CapstoneProject.app */ = {isa = PBXFileReference; explicitFileType = wrapper.application; includeInIndex = 0; path = CapstoneProject.app; sourceTree = BUILT_PRODUCTS_DIR; };
		7085D54B2871AC1100292BA7 /* AppDelegate.swift */ = {isa = PBXFileReference; lastKnownFileType = sourcecode.swift; path = AppDelegate.swift; sourceTree = "<group>"; };
		7085D54D2871AC1100292BA7 /* SceneDelegate.swift */ = {isa = PBXFileReference; lastKnownFileType = sourcecode.swift; path = SceneDelegate.swift; sourceTree = "<group>"; };
		7085D54F2871AC1100292BA7 /* HomeViewController.swift */ = {isa = PBXFileReference; lastKnownFileType = sourcecode.swift; path = HomeViewController.swift; sourceTree = "<group>"; };
		7085D5522871AC1100292BA7 /* Base */ = {isa = PBXFileReference; lastKnownFileType = file.storyboard; name = Base; path = Base.lproj/Main.storyboard; sourceTree = "<group>"; };
		7085D5542871AC1300292BA7 /* Assets.xcassets */ = {isa = PBXFileReference; lastKnownFileType = folder.assetcatalog; path = Assets.xcassets; sourceTree = "<group>"; };
		7085D5572871AC1300292BA7 /* Base */ = {isa = PBXFileReference; lastKnownFileType = file.storyboard; name = Base; path = Base.lproj/LaunchScreen.storyboard; sourceTree = "<group>"; };
		7085D5592871AC1300292BA7 /* Info.plist */ = {isa = PBXFileReference; lastKnownFileType = text.plist.xml; path = Info.plist; sourceTree = "<group>"; };
		7085D55F2871B31400292BA7 /* SignInViewController.swift */ = {isa = PBXFileReference; lastKnownFileType = sourcecode.swift; path = SignInViewController.swift; sourceTree = "<group>"; };
		7085D5612871B32700292BA7 /* SignUpViewController.swift */ = {isa = PBXFileReference; lastKnownFileType = sourcecode.swift; path = SignUpViewController.swift; sourceTree = "<group>"; };
		7085D5632871B45900292BA7 /* OnBoardViewController.swift */ = {isa = PBXFileReference; lastKnownFileType = sourcecode.swift; path = OnBoardViewController.swift; sourceTree = "<group>"; };
		7085D5652871B48F00292BA7 /* CreateMessageViewController.swift */ = {isa = PBXFileReference; lastKnownFileType = sourcecode.swift; path = CreateMessageViewController.swift; sourceTree = "<group>"; };
		7085D5672871B4AB00292BA7 /* TakeNotesViewController.swift */ = {isa = PBXFileReference; lastKnownFileType = sourcecode.swift; path = TakeNotesViewController.swift; sourceTree = "<group>"; };
		B0A8126E58BE18C28D8F44D0 /* Pods-CapstoneProject.debug.xcconfig */ = {isa = PBXFileReference; includeInIndex = 1; lastKnownFileType = text.xcconfig; name = "Pods-CapstoneProject.debug.xcconfig"; path = "Target Support Files/Pods-CapstoneProject/Pods-CapstoneProject.debug.xcconfig"; sourceTree = "<group>"; };
/* End PBXFileReference section */

/* Begin PBXFrameworksBuildPhase section */
		7085D5452871AC1100292BA7 /* Frameworks */ = {
			isa = PBXFrameworksBuildPhase;
			buildActionMask = 2147483647;
			files = (
				72CECA9F441777E853CB2C88 /* Pods_CapstoneProject.framework in Frameworks */,
			);
			runOnlyForDeploymentPostprocessing = 0;
		};
/* End PBXFrameworksBuildPhase section */

/* Begin PBXGroup section */
		3117EA56BBE538702020D5C7 /* Frameworks */ = {
			isa = PBXGroup;
			children = (
				556EBBC8168B91B9D100847B /* Pods_CapstoneProject.framework */,
			);
			name = Frameworks;
			sourceTree = "<group>";
		};
		7085D53F2871AC1100292BA7 = {
			isa = PBXGroup;
			children = (
				7085D54A2871AC1100292BA7 /* CapstoneProject */,
				7085D5492871AC1100292BA7 /* Products */,
				CF441B97BA0946B3A12E790C /* Pods */,
				3117EA56BBE538702020D5C7 /* Frameworks */,
			);
			sourceTree = "<group>";
		};
		7085D5492871AC1100292BA7 /* Products */ = {
			isa = PBXGroup;
			children = (
				7085D5482871AC1100292BA7 /* CapstoneProject.app */,
			);
			name = Products;
			sourceTree = "<group>";
		};
		7085D54A2871AC1100292BA7 /* CapstoneProject */ = {
			isa = PBXGroup;
			children = (
				7085D54B2871AC1100292BA7 /* AppDelegate.swift */,
				7085D54D2871AC1100292BA7 /* SceneDelegate.swift */,
				7085D5512871AC1100292BA7 /* Main.storyboard */,
				702036872876262B001EA903 /* SideMenu.swift */,
				702A3117287F726300024621 /* DataModel.xcdatamodeld */,
				702A311A287F732900024621 /* DataController.swift */,
				702036FF287D116B001EA903 /* Question.swift */,
				7085D5692871B50E00292BA7 /* Controllers */,
				7085D5542871AC1300292BA7 /* Assets.xcassets */,
				7085D5562871AC1300292BA7 /* LaunchScreen.storyboard */,
				7085D5592871AC1300292BA7 /* Info.plist */,
				7020368D28785594001EA903 /* GoogleService-Info.plist */,
			);
			path = CapstoneProject;
			sourceTree = "<group>";
		};
		7085D5692871B50E00292BA7 /* Controllers */ = {
			isa = PBXGroup;
			children = (
				7085D54F2871AC1100292BA7 /* HomeViewController.swift */,
				7085D5612871B32700292BA7 /* SignUpViewController.swift */,
				7085D55F2871B31400292BA7 /* SignInViewController.swift */,
				7085D5632871B45900292BA7 /* OnBoardViewController.swift */,
				7085D5652871B48F00292BA7 /* CreateMessageViewController.swift */,
				702036912879AF0D001EA903 /* TableViewCell.swift */,
				7020368928762670001EA903 /* QuizViewController.swift */,
				7085D5672871B4AB00292BA7 /* TakeNotesViewController.swift */,
				70203758287F16B4001EA903 /* NoteViewController.swift */,
				7020375A287F16CF001EA903 /* SaveNoteViewController.swift */,
			);
			path = Controllers;
			sourceTree = "<group>";
		};
		CF441B97BA0946B3A12E790C /* Pods */ = {
			isa = PBXGroup;
			children = (
				B0A8126E58BE18C28D8F44D0 /* Pods-CapstoneProject.debug.xcconfig */,
				69547404091760E5587AD97A /* Pods-CapstoneProject.release.xcconfig */,
			);
			path = Pods;
			sourceTree = "<group>";
		};
/* End PBXGroup section */

/* Begin PBXNativeTarget section */
		7085D5472871AC1100292BA7 /* CapstoneProject */ = {
			isa = PBXNativeTarget;
			buildConfigurationList = 7085D55C2871AC1300292BA7 /* Build configuration list for PBXNativeTarget "CapstoneProject" */;
			buildPhases = (
				A16A61D09550F57FFA987204 /* [CP] Check Pods Manifest.lock */,
				7085D5442871AC1100292BA7 /* Sources */,
				7085D5452871AC1100292BA7 /* Frameworks */,
				7085D5462871AC1100292BA7 /* Resources */,
				E10C972F46788A6EA048EE66 /* [CP] Embed Pods Frameworks */,
			);
			buildRules = (
			);
			dependencies = (
			);
			name = CapstoneProject;
			productName = CapstoneProject;
			productReference = 7085D5482871AC1100292BA7 /* CapstoneProject.app */;
			productType = "com.apple.product-type.application";
		};
/* End PBXNativeTarget section */

/* Begin PBXProject section */
		7085D5402871AC1100292BA7 /* Project object */ = {
			isa = PBXProject;
			attributes = {
				BuildIndependentTargetsInParallel = 1;
				LastSwiftUpdateCheck = 1330;
				LastUpgradeCheck = 1330;
				TargetAttributes = {
					7085D5472871AC1100292BA7 = {
						CreatedOnToolsVersion = 13.3.1;
					};
				};
			};
			buildConfigurationList = 7085D5432871AC1100292BA7 /* Build configuration list for PBXProject "CapstoneProject" */;
			compatibilityVersion = "Xcode 13.0";
			developmentRegion = en;
			hasScannedForEncodings = 0;
			knownRegions = (
				en,
				Base,
			);
			mainGroup = 7085D53F2871AC1100292BA7;
			productRefGroup = 7085D5492871AC1100292BA7 /* Products */;
			projectDirPath = "";
			projectRoot = "";
			targets = (
				7085D5472871AC1100292BA7 /* CapstoneProject */,
			);
		};
/* End PBXProject section */

/* Begin PBXResourcesBuildPhase section */
		7085D5462871AC1100292BA7 /* Resources */ = {
			isa = PBXResourcesBuildPhase;
			buildActionMask = 2147483647;
			files = (
				7085D5582871AC1300292BA7 /* LaunchScreen.storyboard in Resources */,
				7020368E28785594001EA903 /* GoogleService-Info.plist in Resources */,
				7085D5552871AC1300292BA7 /* Assets.xcassets in Resources */,
				7085D5532871AC1100292BA7 /* Main.storyboard in Resources */,
			);
			runOnlyForDeploymentPostprocessing = 0;
		};
/* End PBXResourcesBuildPhase section */

/* Begin PBXShellScriptBuildPhase section */
		A16A61D09550F57FFA987204 /* [CP] Check Pods Manifest.lock */ = {
			isa = PBXShellScriptBuildPhase;
			buildActionMask = 2147483647;
			files = (
			);
			inputFileListPaths = (
			);
			inputPaths = (
				"${PODS_PODFILE_DIR_PATH}/Podfile.lock",
				"${PODS_ROOT}/Manifest.lock",
			);
			name = "[CP] Check Pods Manifest.lock";
			outputFileListPaths = (
			);
			outputPaths = (
				"$(DERIVED_FILE_DIR)/Pods-CapstoneProject-checkManifestLockResult.txt",
			);
			runOnlyForDeploymentPostprocessing = 0;
			shellPath = /bin/sh;
			shellScript = "diff \"${PODS_PODFILE_DIR_PATH}/Podfile.lock\" \"${PODS_ROOT}/Manifest.lock\" > /dev/null\nif [ $? != 0 ] ; then\n    # print error to STDERR\n    echo \"error: The sandbox is not in sync with the Podfile.lock. Run 'pod install' or update your CocoaPods installation.\" >&2\n    exit 1\nfi\n# This output is used by Xcode 'outputs' to avoid re-running this script phase.\necho \"SUCCESS\" > \"${SCRIPT_OUTPUT_FILE_0}\"\n";
			showEnvVarsInLog = 0;
		};
		E10C972F46788A6EA048EE66 /* [CP] Embed Pods Frameworks */ = {
			isa = PBXShellScriptBuildPhase;
			buildActionMask = 2147483647;
			files = (
			);
			inputFileListPaths = (
				"${PODS_ROOT}/Target Support Files/Pods-CapstoneProject/Pods-CapstoneProject-frameworks-${CONFIGURATION}-input-files.xcfilelist",
			);
			name = "[CP] Embed Pods Frameworks";
			outputFileListPaths = (
				"${PODS_ROOT}/Target Support Files/Pods-CapstoneProject/Pods-CapstoneProject-frameworks-${CONFIGURATION}-output-files.xcfilelist",
			);
			runOnlyForDeploymentPostprocessing = 0;
			shellPath = /bin/sh;
			shellScript = "\"${PODS_ROOT}/Target Support Files/Pods-CapstoneProject/Pods-CapstoneProject-frameworks.sh\"\n";
			showEnvVarsInLog = 0;
		};
/* End PBXShellScriptBuildPhase section */

/* Begin PBXSourcesBuildPhase section */
		7085D5442871AC1100292BA7 /* Sources */ = {
			isa = PBXSourcesBuildPhase;
			buildActionMask = 2147483647;
			files = (
				702036922879AF0D001EA903 /* TableViewCell.swift in Sources */,
				7020375B287F16CF001EA903 /* SaveNoteViewController.swift in Sources */,
				702036882876262B001EA903 /* SideMenu.swift in Sources */,
				7085D5682871B4AB00292BA7 /* TakeNotesViewController.swift in Sources */,
				70203759287F16B4001EA903 /* NoteViewController.swift in Sources */,
				7085D5602871B31400292BA7 /* SignInViewController.swift in Sources */,
				7085D5642871B45900292BA7 /* OnBoardViewController.swift in Sources */,
				70203700287D116B001EA903 /* Question.swift in Sources */,
				7020368A28762670001EA903 /* QuizViewController.swift in Sources */,
				702A3119287F726300024621 /* DataModel.xcdatamodeld in Sources */,
				7085D5502871AC1100292BA7 /* HomeViewController.swift in Sources */,
				7085D5662871B48F00292BA7 /* CreateMessageViewController.swift in Sources */,
				7085D54C2871AC1100292BA7 /* AppDelegate.swift in Sources */,
				702A311B287F732900024621 /* DataController.swift in Sources */,
				7085D54E2871AC1100292BA7 /* SceneDelegate.swift in Sources */,
				7085D5622871B32700292BA7 /* SignUpViewController.swift in Sources */,
			);
			runOnlyForDeploymentPostprocessing = 0;
		};
/* End PBXSourcesBuildPhase section */

/* Begin PBXVariantGroup section */
		7085D5512871AC1100292BA7 /* Main.storyboard */ = {
			isa = PBXVariantGroup;
			children = (
				7085D5522871AC1100292BA7 /* Base */,
			);
			name = Main.storyboard;
			sourceTree = "<group>";
		};
		7085D5562871AC1300292BA7 /* LaunchScreen.storyboard */ = {
			isa = PBXVariantGroup;
			children = (
				7085D5572871AC1300292BA7 /* Base */,
			);
			name = LaunchScreen.storyboard;
			sourceTree = "<group>";
		};
/* End PBXVariantGroup section */

/* Begin XCBuildConfiguration section */
		7085D55A2871AC1300292BA7 /* Debug */ = {
			isa = XCBuildConfiguration;
			buildSettings = {
				ALWAYS_SEARCH_USER_PATHS = NO;
				CLANG_ANALYZER_NONNULL = YES;
				CLANG_ANALYZER_NUMBER_OBJECT_CONVERSION = YES_AGGRESSIVE;
				CLANG_CXX_LANGUAGE_STANDARD = "gnu++17";
				CLANG_ENABLE_MODULES = YES;
				CLANG_ENABLE_OBJC_ARC = YES;
				CLANG_ENABLE_OBJC_WEAK = YES;
				CLANG_WARN_BLOCK_CAPTURE_AUTORELEASING = YES;
				CLANG_WARN_BOOL_CONVERSION = YES;
				CLANG_WARN_COMMA = YES;
				CLANG_WARN_CONSTANT_CONVERSION = YES;
				CLANG_WARN_DEPRECATED_OBJC_IMPLEMENTATIONS = YES;
				CLANG_WARN_DIRECT_OBJC_ISA_USAGE = YES_ERROR;
				CLANG_WARN_DOCUMENTATION_COMMENTS = YES;
				CLANG_WARN_EMPTY_BODY = YES;
				CLANG_WARN_ENUM_CONVERSION = YES;
				CLANG_WARN_INFINITE_RECURSION = YES;
				CLANG_WARN_INT_CONVERSION = YES;
				CLANG_WARN_NON_LITERAL_NULL_CONVERSION = YES;
				CLANG_WARN_OBJC_IMPLICIT_RETAIN_SELF = YES;
				CLANG_WARN_OBJC_LITERAL_CONVERSION = YES;
				CLANG_WARN_OBJC_ROOT_CLASS = YES_ERROR;
				CLANG_WARN_QUOTED_INCLUDE_IN_FRAMEWORK_HEADER = YES;
				CLANG_WARN_RANGE_LOOP_ANALYSIS = YES;
				CLANG_WARN_STRICT_PROTOTYPES = YES;
				CLANG_WARN_SUSPICIOUS_MOVE = YES;
				CLANG_WARN_UNGUARDED_AVAILABILITY = YES_AGGRESSIVE;
				CLANG_WARN_UNREACHABLE_CODE = YES;
				CLANG_WARN__DUPLICATE_METHOD_MATCH = YES;
				COPY_PHASE_STRIP = NO;
				DEBUG_INFORMATION_FORMAT = dwarf;
				ENABLE_STRICT_OBJC_MSGSEND = YES;
				ENABLE_TESTABILITY = YES;
				GCC_C_LANGUAGE_STANDARD = gnu11;
				GCC_DYNAMIC_NO_PIC = NO;
				GCC_NO_COMMON_BLOCKS = YES;
				GCC_OPTIMIZATION_LEVEL = 0;
				GCC_PREPROCESSOR_DEFINITIONS = (
					"DEBUG=1",
					"$(inherited)",
				);
				GCC_WARN_64_TO_32_BIT_CONVERSION = YES;
				GCC_WARN_ABOUT_RETURN_TYPE = YES_ERROR;
				GCC_WARN_UNDECLARED_SELECTOR = YES;
				GCC_WARN_UNINITIALIZED_AUTOS = YES_AGGRESSIVE;
				GCC_WARN_UNUSED_FUNCTION = YES;
				GCC_WARN_UNUSED_VARIABLE = YES;
				IPHONEOS_DEPLOYMENT_TARGET = 15.4;
				MTL_ENABLE_DEBUG_INFO = INCLUDE_SOURCE;
				MTL_FAST_MATH = YES;
				ONLY_ACTIVE_ARCH = YES;
				SDKROOT = iphoneos;
				SWIFT_ACTIVE_COMPILATION_CONDITIONS = DEBUG;
				SWIFT_OPTIMIZATION_LEVEL = "-Onone";
			};
			name = Debug;
		};
		7085D55B2871AC1300292BA7 /* Release */ = {
			isa = XCBuildConfiguration;
			buildSettings = {
				ALWAYS_SEARCH_USER_PATHS = NO;
				CLANG_ANALYZER_NONNULL = YES;
				CLANG_ANALYZER_NUMBER_OBJECT_CONVERSION = YES_AGGRESSIVE;
				CLANG_CXX_LANGUAGE_STANDARD = "gnu++17";
				CLANG_ENABLE_MODULES = YES;
				CLANG_ENABLE_OBJC_ARC = YES;
				CLANG_ENABLE_OBJC_WEAK = YES;
				CLANG_WARN_BLOCK_CAPTURE_AUTORELEASING = YES;
				CLANG_WARN_BOOL_CONVERSION = YES;
				CLANG_WARN_COMMA = YES;
				CLANG_WARN_CONSTANT_CONVERSION = YES;
				CLANG_WARN_DEPRECATED_OBJC_IMPLEMENTATIONS = YES;
				CLANG_WARN_DIRECT_OBJC_ISA_USAGE = YES_ERROR;
				CLANG_WARN_DOCUMENTATION_COMMENTS = YES;
				CLANG_WARN_EMPTY_BODY = YES;
				CLANG_WARN_ENUM_CONVERSION = YES;
				CLANG_WARN_INFINITE_RECURSION = YES;
				CLANG_WARN_INT_CONVERSION = YES;
				CLANG_WARN_NON_LITERAL_NULL_CONVERSION = YES;
				CLANG_WARN_OBJC_IMPLICIT_RETAIN_SELF = YES;
				CLANG_WARN_OBJC_LITERAL_CONVERSION = YES;
				CLANG_WARN_OBJC_ROOT_CLASS = YES_ERROR;
				CLANG_WARN_QUOTED_INCLUDE_IN_FRAMEWORK_HEADER = YES;
				CLANG_WARN_RANGE_LOOP_ANALYSIS = YES;
				CLANG_WARN_STRICT_PROTOTYPES = YES;
				CLANG_WARN_SUSPICIOUS_MOVE = YES;
				CLANG_WARN_UNGUARDED_AVAILABILITY = YES_AGGRESSIVE;
				CLANG_WARN_UNREACHABLE_CODE = YES;
				CLANG_WARN__DUPLICATE_METHOD_MATCH = YES;
				COPY_PHASE_STRIP = NO;
				DEBUG_INFORMATION_FORMAT = "dwarf-with-dsym";
				ENABLE_NS_ASSERTIONS = NO;
				ENABLE_STRICT_OBJC_MSGSEND = YES;
				GCC_C_LANGUAGE_STANDARD = gnu11;
				GCC_NO_COMMON_BLOCKS = YES;
				GCC_WARN_64_TO_32_BIT_CONVERSION = YES;
				GCC_WARN_ABOUT_RETURN_TYPE = YES_ERROR;
				GCC_WARN_UNDECLARED_SELECTOR = YES;
				GCC_WARN_UNINITIALIZED_AUTOS = YES_AGGRESSIVE;
				GCC_WARN_UNUSED_FUNCTION = YES;
				GCC_WARN_UNUSED_VARIABLE = YES;
				IPHONEOS_DEPLOYMENT_TARGET = 15.4;
				MTL_ENABLE_DEBUG_INFO = NO;
				MTL_FAST_MATH = YES;
				SDKROOT = iphoneos;
				SWIFT_COMPILATION_MODE = wholemodule;
				SWIFT_OPTIMIZATION_LEVEL = "-O";
				VALIDATE_PRODUCT = YES;
			};
			name = Release;
		};
		7085D55D2871AC1300292BA7 /* Debug */ = {
			isa = XCBuildConfiguration;
			baseConfigurationReference = B0A8126E58BE18C28D8F44D0 /* Pods-CapstoneProject.debug.xcconfig */;
			buildSettings = {
				ASSETCATALOG_COMPILER_APPICON_NAME = AppIcon;
				ASSETCATALOG_COMPILER_GLOBAL_ACCENT_COLOR_NAME = AccentColor;
				CODE_SIGN_STYLE = Automatic;
				CURRENT_PROJECT_VERSION = 1;
				DEVELOPMENT_TEAM = BUV339KR3C;
				GENERATE_INFOPLIST_FILE = YES;
				INFOPLIST_FILE = CapstoneProject/Info.plist;
				INFOPLIST_KEY_UIApplicationSupportsIndirectInputEvents = YES;
				INFOPLIST_KEY_UILaunchStoryboardName = LaunchScreen;
				INFOPLIST_KEY_UIMainStoryboardFile = Main;
				INFOPLIST_KEY_UISupportedInterfaceOrientations_iPad = "UIInterfaceOrientationPortrait UIInterfaceOrientationPortraitUpsideDown UIInterfaceOrientationLandscapeLeft UIInterfaceOrientationLandscapeRight";
				INFOPLIST_KEY_UISupportedInterfaceOrientations_iPhone = "UIInterfaceOrientationPortrait UIInterfaceOrientationLandscapeLeft UIInterfaceOrientationLandscapeRight";
				LD_RUNPATH_SEARCH_PATHS = (
					"$(inherited)",
					"@executable_path/Frameworks",
				);
				MARKETING_VERSION = 1.0;
				PRODUCT_BUNDLE_IDENTIFIER = com.marvel.CapstoneProject;
				PRODUCT_NAME = "$(TARGET_NAME)";
				SWIFT_EMIT_LOC_STRINGS = YES;
				SWIFT_VERSION = 5.0;
				TARGETED_DEVICE_FAMILY = "1,2";
			};
			name = Debug;
		};
		7085D55E2871AC1300292BA7 /* Release */ = {
			isa = XCBuildConfiguration;
			baseConfigurationReference = 69547404091760E5587AD97A /* Pods-CapstoneProject.release.xcconfig */;
			buildSettings = {
				ASSETCATALOG_COMPILER_APPICON_NAME = AppIcon;
				ASSETCATALOG_COMPILER_GLOBAL_ACCENT_COLOR_NAME = AccentColor;
				CODE_SIGN_STYLE = Automatic;
				CURRENT_PROJECT_VERSION = 1;
				DEVELOPMENT_TEAM = BUV339KR3C;
				GENERATE_INFOPLIST_FILE = YES;
				INFOPLIST_FILE = CapstoneProject/Info.plist;
				INFOPLIST_KEY_UIApplicationSupportsIndirectInputEvents = YES;
				INFOPLIST_KEY_UILaunchStoryboardName = LaunchScreen;
				INFOPLIST_KEY_UIMainStoryboardFile = Main;
				INFOPLIST_KEY_UISupportedInterfaceOrientations_iPad = "UIInterfaceOrientationPortrait UIInterfaceOrientationPortraitUpsideDown UIInterfaceOrientationLandscapeLeft UIInterfaceOrientationLandscapeRight";
				INFOPLIST_KEY_UISupportedInterfaceOrientations_iPhone = "UIInterfaceOrientationPortrait UIInterfaceOrientationLandscapeLeft UIInterfaceOrientationLandscapeRight";
				LD_RUNPATH_SEARCH_PATHS = (
					"$(inherited)",
					"@executable_path/Frameworks",
				);
				MARKETING_VERSION = 1.0;
				PRODUCT_BUNDLE_IDENTIFIER = com.marvel.CapstoneProject;
				PRODUCT_NAME = "$(TARGET_NAME)";
				SWIFT_EMIT_LOC_STRINGS = YES;
				SWIFT_VERSION = 5.0;
				TARGETED_DEVICE_FAMILY = "1,2";
			};
			name = Release;
		};
/* End XCBuildConfiguration section */

/* Begin XCConfigurationList section */
		7085D5432871AC1100292BA7 /* Build configuration list for PBXProject "CapstoneProject" */ = {
			isa = XCConfigurationList;
			buildConfigurations = (
				7085D55A2871AC1300292BA7 /* Debug */,
				7085D55B2871AC1300292BA7 /* Release */,
			);
			defaultConfigurationIsVisible = 0;
			defaultConfigurationName = Release;
		};
		7085D55C2871AC1300292BA7 /* Build configuration list for PBXNativeTarget "CapstoneProject" */ = {
			isa = XCConfigurationList;
			buildConfigurations = (
				7085D55D2871AC1300292BA7 /* Debug */,
				7085D55E2871AC1300292BA7 /* Release */,
			);
			defaultConfigurationIsVisible = 0;
			defaultConfigurationName = Release;
		};
/* End XCConfigurationList section */

/* Begin XCVersionGroup section */
		702A3117287F726300024621 /* DataModel.xcdatamodeld */ = {
			isa = XCVersionGroup;
			children = (
				702A3118287F726300024621 /* DataModel.xcdatamodel */,
			);
			currentVersion = 702A3118287F726300024621 /* DataModel.xcdatamodel */;
			path = DataModel.xcdatamodeld;
			sourceTree = "<group>";
			versionGroupType = wrapper.xcdatamodel;
		};
/* End XCVersionGroup section */
	};
	rootObject = 7085D5402871AC1100292BA7 /* Project object */;
}
